# THIS IS AN AUTOGENERATED FILE. DO NOT EDIT THIS FILE DIRECTLY.
# yarn lockfile v1


bs-platform@bloomberg/bucklescript:
  version "1.5.1+dev"
  resolved "https://codeload.github.com/bloomberg/bucklescript/tar.gz/e7d832bdcea5756a939973e5386af5bf2e617d68"

bs-promise@BuckleTypes/bs-promise:
  version "0.3.0"
  resolved "https://codeload.github.com/BuckleTypes/bs-promise/tar.gz/5c982d8b2fd90e1b451eab381f94d8390c2981b9"
